# THIS IS AN AUTOGENERATED FILE. DO NOT EDIT THIS FILE DIRECTLY.
# yarn lockfile v1


"@figma/plugin-typings@*":
  version "1.53.0"
  resolved "https://registry.yarnpkg.com/@figma/plugin-typings/-/plugin-typings-1.53.0.tgz#beab286c319947da736917096b9a1220d820252e"
  integrity sha512-8XiX9iaguKE0YvcAon3hWv28rzJXe12OvKi6+ohPyLnF28f6msmyn/xVcoUuBCPAiMIDwOjlJHS+vwyzCiF9eA==

typescript@*:
  version "4.8.4"
  resolved "https://registry.yarnpkg.com/typescript/-/typescript-4.8.4.tgz#c464abca159669597be5f96b8943500b238e60e6"
  integrity sha512-QCh+85mCy+h0IGff8r5XWzOVSbBO+KfeYrMQh7NJ58QujwcE22u+NUSmUxqF+un70P9GXKxa2HCNiTTMJknyjQ==
